
Microsoft Visual Studio Solution File, Format Version 12.00
# Visual Studio Version 16
VisualStudioVersion = 16.0.34114.132
MinimumVisualStudioVersion = 10.0.40219.1
Project("{FAE04EC0-301F-11D3-BF4B-00C04F79EFBC}") = "Conference", "Conferancy\Conference.csproj", "{C742416F-7EF0-4F8D-B1E8-51C6E74380DB}"
EndProject
Project("{FAE04EC0-301F-11D3-BF4B-00C04F79EFBC}") = "Conferance.Data", "Conferancy.Data\Conferance.Data.csproj", "{FCE5D6C2-1580-4BC6-A0B8-AF87B5A94505}"
EndProject
Global
	GlobalSection(SolutionConfigurationPlatforms) = preSolution
		Debug|Any CPU = Debug|Any CPU
		Release|Any CPU = Release|Any CPU
	EndGlobalSection
	GlobalSection(ProjectConfigurationPlatforms) = postSolution
		{C742416F-7EF0-4F8D-B1E8-51C6E74380DB}.Debug|Any CPU.ActiveCfg = Debug|Any CPU
		{C742416F-7EF0-4F8D-B1E8-51C6E74380DB}.Debug|Any CPU.Build.0 = Debug|Any CPU
		{C742416F-7EF0-4F8D-B1E8-51C6E74380DB}.Release|Any CPU.ActiveCfg = Release|Any CPU
		{C742416F-7EF0-4F8D-B1E8-51C6E74380DB}.Release|Any CPU.Build.0 = Release|Any CPU
		{FCE5D6C2-1580-4BC6-A0B8-AF87B5A94505}.Debug|Any CPU.ActiveCfg = Debug|Any CPU
		{FCE5D6C2-1580-4BC6-A0B8-AF87B5A94505}.Debug|Any CPU.Build.0 = Debug|Any CPU
		{FCE5D6C2-1580-4BC6-A0B8-AF87B5A94505}.Release|Any CPU.ActiveCfg = Release|Any CPU
		{FCE5D6C2-1580-4BC6-A0B8-AF87B5A94505}.Release|Any CPU.Build.0 = Release|Any CPU
	EndGlobalSection
	GlobalSection(SolutionProperties) = preSolution
		HideSolutionNode = FALSE
	EndGlobalSection
	GlobalSection(ExtensibilityGlobals) = postSolution
		SolutionGuid = {FFE4AE88-BC27-49CC-BFE5-0392DC8CA562}
	EndGlobalSection
EndGlobal
